
Microsoft Visual Studio Solution File, Format Version 12.00
# Visual Studio 15
VisualStudioVersion = 15.0.28307.421
MinimumVisualStudioVersion = 10.0.40219.1
Project("{FAE04EC0-301F-11D3-BF4B-00C04F79EFBC}") = "PlateformeCollaborativeNET-MVC5", "PlateformeCollaborativeNET-MVC5\PlateformeCollaborativeNET-MVC5.csproj", "{5739FC91-C517-4F0D-ACBD-42259A16B668}"
EndProject
Project("{FAE04EC0-301F-11D3-BF4B-00C04F79EFBC}") = "PlateformeCollaborativeNET-MVC5.Tests", "PlateformeCollaborativeNET-MVC5.Tests\PlateformeCollaborativeNET-MVC5.Tests.csproj", "{AB21A2E7-1006-4DA8-9C2E-0D4D784D6373}"
EndProject
Global
	GlobalSection(SolutionConfigurationPlatforms) = preSolution
		Debug|Any CPU = Debug|Any CPU
		Release|Any CPU = Release|Any CPU
	EndGlobalSection
	GlobalSection(ProjectConfigurationPlatforms) = postSolution
		{5739FC91-C517-4F0D-ACBD-42259A16B668}.Debug|Any CPU.ActiveCfg = Debug|Any CPU
		{5739FC91-C517-4F0D-ACBD-42259A16B668}.Debug|Any CPU.Build.0 = Debug|Any CPU
		{5739FC91-C517-4F0D-ACBD-42259A16B668}.Release|Any CPU.ActiveCfg = Release|Any CPU
		{5739FC91-C517-4F0D-ACBD-42259A16B668}.Release|Any CPU.Build.0 = Release|Any CPU
		{AB21A2E7-1006-4DA8-9C2E-0D4D784D6373}.Debug|Any CPU.ActiveCfg = Debug|Any CPU
		{AB21A2E7-1006-4DA8-9C2E-0D4D784D6373}.Debug|Any CPU.Build.0 = Debug|Any CPU
		{AB21A2E7-1006-4DA8-9C2E-0D4D784D6373}.Release|Any CPU.ActiveCfg = Release|Any CPU
		{AB21A2E7-1006-4DA8-9C2E-0D4D784D6373}.Release|Any CPU.Build.0 = Release|Any CPU
	EndGlobalSection
	GlobalSection(SolutionProperties) = preSolution
		HideSolutionNode = FALSE
	EndGlobalSection
	GlobalSection(ExtensibilityGlobals) = postSolution
		SolutionGuid = {701A4878-8A9D-4FB2-B37B-868394949066}
	EndGlobalSection
EndGlobal
